
Microsoft Visual Studio Solution File, Format Version 12.00
# Visual Studio 15
VisualStudioVersion = 15.0.27130.2026
MinimumVisualStudioVersion = 10.0.40219.1
Project("{9A19103F-16F7-4668-BE54-9A1E7A4F7556}") = "FreeJokesApi", "FreeJokesApi\FreeJokesApi.csproj", "{22973DB8-4E4B-4BAB-965B-56DAD367195A}"
EndProject
Project("{FAE04EC0-301F-11D3-BF4B-00C04F79EFBC}") = "Domain", "Domain\Domain.csproj", "{38336211-3ADB-4A66-8FDA-EE3E0735D0CD}"
EndProject
Project("{FAE04EC0-301F-11D3-BF4B-00C04F79EFBC}") = "Application", "Application\Application.csproj", "{A73A7C20-D103-414A-A969-49664A979DBE}"
EndProject
Project("{FAE04EC0-301F-11D3-BF4B-00C04F79EFBC}") = "Persistence", "Persistence\Persistence.csproj", "{969A945E-3F16-4292-8DEA-65BD216EA617}"
EndProject
Global
	GlobalSection(SolutionConfigurationPlatforms) = preSolution
		Debug|Any CPU = Debug|Any CPU
		Release|Any CPU = Release|Any CPU
	EndGlobalSection
	GlobalSection(ProjectConfigurationPlatforms) = postSolution
		{22973DB8-4E4B-4BAB-965B-56DAD367195A}.Debug|Any CPU.ActiveCfg = Debug|Any CPU
		{22973DB8-4E4B-4BAB-965B-56DAD367195A}.Debug|Any CPU.Build.0 = Debug|Any CPU
		{22973DB8-4E4B-4BAB-965B-56DAD367195A}.Release|Any CPU.ActiveCfg = Release|Any CPU
		{22973DB8-4E4B-4BAB-965B-56DAD367195A}.Release|Any CPU.Build.0 = Release|Any CPU
		{38336211-3ADB-4A66-8FDA-EE3E0735D0CD}.Debug|Any CPU.ActiveCfg = Debug|Any CPU
		{38336211-3ADB-4A66-8FDA-EE3E0735D0CD}.Debug|Any CPU.Build.0 = Debug|Any CPU
		{38336211-3ADB-4A66-8FDA-EE3E0735D0CD}.Release|Any CPU.ActiveCfg = Release|Any CPU
		{38336211-3ADB-4A66-8FDA-EE3E0735D0CD}.Release|Any CPU.Build.0 = Release|Any CPU
		{A73A7C20-D103-414A-A969-49664A979DBE}.Debug|Any CPU.ActiveCfg = Debug|Any CPU
		{A73A7C20-D103-414A-A969-49664A979DBE}.Debug|Any CPU.Build.0 = Debug|Any CPU
		{A73A7C20-D103-414A-A969-49664A979DBE}.Release|Any CPU.ActiveCfg = Release|Any CPU
		{A73A7C20-D103-414A-A969-49664A979DBE}.Release|Any CPU.Build.0 = Release|Any CPU
		{969A945E-3F16-4292-8DEA-65BD216EA617}.Debug|Any CPU.ActiveCfg = Debug|Any CPU
		{969A945E-3F16-4292-8DEA-65BD216EA617}.Debug|Any CPU.Build.0 = Debug|Any CPU
		{969A945E-3F16-4292-8DEA-65BD216EA617}.Release|Any CPU.ActiveCfg = Release|Any CPU
		{969A945E-3F16-4292-8DEA-65BD216EA617}.Release|Any CPU.Build.0 = Release|Any CPU
	EndGlobalSection
	GlobalSection(SolutionProperties) = preSolution
		HideSolutionNode = FALSE
	EndGlobalSection
	GlobalSection(ExtensibilityGlobals) = postSolution
		SolutionGuid = {E84D54EB-D62E-4D92-AE49-03553A1D1ACE}
	EndGlobalSection
EndGlobal
