
Microsoft Visual Studio Solution File, Format Version 12.00
# Visual Studio Version 16
VisualStudioVersion = 16.0.30711.63
MinimumVisualStudioVersion = 10.0.40219.1
Project("{9A19103F-16F7-4668-BE54-9A1E7A4F7556}") = "FreeJokesApi", "FreeJokesApi\FreeJokesApi.csproj", "{22973DB8-4E4B-4BAB-965B-56DAD367195A}"
EndProject
Project("{9A19103F-16F7-4668-BE54-9A1E7A4F7556}") = "Core", "Core\Core.csproj", "{1A272A8A-BFFC-440D-AC67-C624EE27A745}"
EndProject
Project("{9A19103F-16F7-4668-BE54-9A1E7A4F7556}") = "Adapter.Database", "Adapter.Database\Adapter.Database.csproj", "{E7755BE6-E576-46C2-9843-58A5D0756749}"
EndProject
Project("{9A19103F-16F7-4668-BE54-9A1E7A4F7556}") = "Services", "Services\Services.csproj", "{1AF920E1-7C09-4E57-BBAA-D7C5D4B85756}"
EndProject
Project("{9A19103F-16F7-4668-BE54-9A1E7A4F7556}") = "Common", "Common\Common.csproj", "{50839870-8995-44E9-A8B6-04875BCE8345}"
EndProject
Global
	GlobalSection(SolutionConfigurationPlatforms) = preSolution
		Debug|Any CPU = Debug|Any CPU
		Release|Any CPU = Release|Any CPU
	EndGlobalSection
	GlobalSection(ProjectConfigurationPlatforms) = postSolution
		{22973DB8-4E4B-4BAB-965B-56DAD367195A}.Debug|Any CPU.ActiveCfg = Debug|Any CPU
		{22973DB8-4E4B-4BAB-965B-56DAD367195A}.Debug|Any CPU.Build.0 = Debug|Any CPU
		{22973DB8-4E4B-4BAB-965B-56DAD367195A}.Release|Any CPU.ActiveCfg = Release|Any CPU
		{22973DB8-4E4B-4BAB-965B-56DAD367195A}.Release|Any CPU.Build.0 = Release|Any CPU
		{1A272A8A-BFFC-440D-AC67-C624EE27A745}.Debug|Any CPU.ActiveCfg = Debug|Any CPU
		{1A272A8A-BFFC-440D-AC67-C624EE27A745}.Debug|Any CPU.Build.0 = Debug|Any CPU
		{1A272A8A-BFFC-440D-AC67-C624EE27A745}.Release|Any CPU.ActiveCfg = Release|Any CPU
		{1A272A8A-BFFC-440D-AC67-C624EE27A745}.Release|Any CPU.Build.0 = Release|Any CPU
		{E7755BE6-E576-46C2-9843-58A5D0756749}.Debug|Any CPU.ActiveCfg = Debug|Any CPU
		{E7755BE6-E576-46C2-9843-58A5D0756749}.Debug|Any CPU.Build.0 = Debug|Any CPU
		{E7755BE6-E576-46C2-9843-58A5D0756749}.Release|Any CPU.ActiveCfg = Release|Any CPU
		{E7755BE6-E576-46C2-9843-58A5D0756749}.Release|Any CPU.Build.0 = Release|Any CPU
		{1AF920E1-7C09-4E57-BBAA-D7C5D4B85756}.Debug|Any CPU.ActiveCfg = Debug|Any CPU
		{1AF920E1-7C09-4E57-BBAA-D7C5D4B85756}.Debug|Any CPU.Build.0 = Debug|Any CPU
		{1AF920E1-7C09-4E57-BBAA-D7C5D4B85756}.Release|Any CPU.ActiveCfg = Release|Any CPU
		{1AF920E1-7C09-4E57-BBAA-D7C5D4B85756}.Release|Any CPU.Build.0 = Release|Any CPU
		{50839870-8995-44E9-A8B6-04875BCE8345}.Debug|Any CPU.ActiveCfg = Debug|Any CPU
		{50839870-8995-44E9-A8B6-04875BCE8345}.Debug|Any CPU.Build.0 = Debug|Any CPU
		{50839870-8995-44E9-A8B6-04875BCE8345}.Release|Any CPU.ActiveCfg = Release|Any CPU
		{50839870-8995-44E9-A8B6-04875BCE8345}.Release|Any CPU.Build.0 = Release|Any CPU
	EndGlobalSection
	GlobalSection(SolutionProperties) = preSolution
		HideSolutionNode = FALSE
	EndGlobalSection
	GlobalSection(ExtensibilityGlobals) = postSolution
		SolutionGuid = {E84D54EB-D62E-4D92-AE49-03553A1D1ACE}
	EndGlobalSection
EndGlobal
